{
  "name": "svg-to-react-be",
  "version": "1.0.0",
  "lockfileVersion": 2,
  "requires": true,
  "packages": {
    "": {
      "name": "svg-to-react-be",
      "version": "1.0.0",
      "license": "ISC",
      "dependencies": {
        "prettier": "^3.3.2",
        "typescript": "^5.5.3"
      }
    },
    "node_modules/.pnpm/prettier@3.3.2/node_modules/prettier": {
      "version": "3.3.2",
      "license": "MIT",
      "bin": {
        "prettier": "bin/prettier.cjs"
      },
      "engines": {
        "node": ">=14"
      },
      "funding": {
        "url": "https://github.com/prettier/prettier?sponsor=1"
      }
    },
    "node_modules/prettier": {
      "resolved": "node_modules/.pnpm/prettier@3.3.2/node_modules/prettier",
      "link": true
    },
    "node_modules/typescript": {
      "version": "5.5.3",
      "resolved": "https://registry.npmjs.org/typescript/-/typescript-5.5.3.tgz",
      "integrity": "sha512-/hreyEujaB0w76zKo6717l3L0o/qEUtRgdvUBvlkhoWeOVMjMuHNHk0BRBzikzuGDqNmPQbg5ifMEqsHLiIUcQ==",
      "bin": {
        "tsc": "bin/tsc",
        "tsserver": "bin/tsserver"
      },
      "engines": {
        "node": ">=14.17"
      }
    }
  },
  "dependencies": {
    "prettier": {
      "version": "file:node_modules/.pnpm/prettier@3.3.2/node_modules/prettier"
    },
    "typescript": {
      "version": "5.5.3",
      "resolved": "https://registry.npmjs.org/typescript/-/typescript-5.5.3.tgz",
      "integrity": "sha512-/hreyEujaB0w76zKo6717l3L0o/qEUtRgdvUBvlkhoWeOVMjMuHNHk0BRBzikzuGDqNmPQbg5ifMEqsHLiIUcQ=="
    }
  }
}
